// !$*UTF8*$!
{
	archiveVersion = 1;
	classes = {
	};
	objectVersion = 77;
	objects = {

/* Begin PBXContainerItemProxy section */
		181ED6722E4A7D28007D66A7 /* PBXContainerItemProxy */ = {
			isa = PBXContainerItemProxy;
			containerPortal = 181ED6502E4A7D25007D66A7 /* Project object */;
			proxyType = 1;
			remoteGlobalIDString = 181ED6572E4A7D25007D66A7;
			remoteInfo = ScreenStat;
		};
		181ED67C2E4A7D28007D66A7 /* PBXContainerItemProxy */ = {
			isa = PBXContainerItemProxy;
			containerPortal = 181ED6502E4A7D25007D66A7 /* Project object */;
			proxyType = 1;
			remoteGlobalIDString = 181ED6572E4A7D25007D66A7;
			remoteInfo = ScreenStat;
		};
/* End PBXContainerItemProxy section */

/* Begin PBXFileReference section */
		181ED6582E4A7D25007D66A7 /* ScreenStat.app */ = {isa = PBXFileReference; explicitFileType = wrapper.application; includeInIndex = 0; path = ScreenStat.app; sourceTree = BUILT_PRODUCTS_DIR; };
		181ED6712E4A7D28007D66A7 /* ScreenStatTests.xctest */ = {isa = PBXFileReference; explicitFileType = wrapper.cfbundle; includeInIndex = 0; path = ScreenStatTests.xctest; sourceTree = BUILT_PRODUCTS_DIR; };
		181ED67B2E4A7D28007D66A7 /* ScreenStatUITests.xctest */ = {isa = PBXFileReference; explicitFileType = wrapper.cfbundle; includeInIndex = 0; path = ScreenStatUITests.xctest; sourceTree = BUILT_PRODUCTS_DIR; };
/* End PBXFileReference section */

/* Begin PBXFileSystemSynchronizedBuildFileExceptionSet section */
		181ED6832E4A7D28007D66A7 /* Exceptions for "ScreenStat" folder in "ScreenStat" target */ = {
			isa = PBXFileSystemSynchronizedBuildFileExceptionSet;
			membershipExceptions = (
				Info.plist,
			);
			target = 181ED6572E4A7D25007D66A7 /* ScreenStat */;
		};
/* End PBXFileSystemSynchronizedBuildFileExceptionSet section */

/* Begin PBXFileSystemSynchronizedRootGroup section */
		181ED65A2E4A7D25007D66A7 /* ScreenStat */ = {
			isa = PBXFileSystemSynchronizedRootGroup;
			exceptions = (
				181ED6832E4A7D28007D66A7 /* Exceptions for "ScreenStat" folder in "ScreenStat" target */,
			);
			path = ScreenStat;
			sourceTree = "<group>";
		};
		181ED6742E4A7D28007D66A7 /* ScreenStatTests */ = {
			isa = PBXFileSystemSynchronizedRootGroup;
			path = ScreenStatTests;
			sourceTree = "<group>";
		};
		181ED67E2E4A7D28007D66A7 /* ScreenStatUITests */ = {
			isa = PBXFileSystemSynchronizedRootGroup;
			path = ScreenStatUITests;
			sourceTree = "<group>";
		};
/* End PBXFileSystemSynchronizedRootGroup section */

/* Begin PBXFrameworksBuildPhase section */
		181ED6552E4A7D25007D66A7 /* Frameworks */ = {
			isa = PBXFrameworksBuildPhase;
			buildActionMask = 2147483647;
			files = (
			);
			runOnlyForDeploymentPostprocessing = 0;
		};
		181ED66E2E4A7D28007D66A7 /* Frameworks */ = {
			isa = PBXFrameworksBuildPhase;
			buildActionMask = 2147483647;
			files = (
			);
			runOnlyForDeploymentPostprocessing = 0;
		};
		181ED6782E4A7D28007D66A7 /* Frameworks */ = {
			isa = PBXFrameworksBuildPhase;
			buildActionMask = 2147483647;
			files = (
			);
			runOnlyForDeploymentPostprocessing = 0;
		};
/* End PBXFrameworksBuildPhase section */

/* Begin PBXGroup section */
		181ED64F2E4A7D25007D66A7 = {
			isa = PBXGroup;
			children = (
				181ED65A2E4A7D25007D66A7 /* ScreenStat */,
				181ED6742E4A7D28007D66A7 /* ScreenStatTests */,
				181ED67E2E4A7D28007D66A7 /* ScreenStatUITests */,
				181ED6592E4A7D25007D66A7 /* Products */,
			);
			sourceTree = "<group>";
		};
		181ED6592E4A7D25007D66A7 /* Products */ = {
			isa = PBXGroup;
			children = (
				181ED6582E4A7D25007D66A7 /* ScreenStat.app */,
				181ED6712E4A7D28007D66A7 /* ScreenStatTests.xctest */,
				181ED67B2E4A7D28007D66A7 /* ScreenStatUITests.xctest */,
			);
			name = Products;
			sourceTree = "<group>";
		};
/* End PBXGroup section */

/* Begin PBXNativeTarget section */
		181ED6572E4A7D25007D66A7 /* ScreenStat */ = {
			isa = PBXNativeTarget;
			buildConfigurationList = 181ED6842E4A7D28007D66A7 /* Build configuration list for PBXNativeTarget "ScreenStat" */;
			buildPhases = (
				181ED6542E4A7D25007D66A7 /* Sources */,
				181ED6552E4A7D25007D66A7 /* Frameworks */,
				181ED6562E4A7D25007D66A7 /* Resources */,
			);
			buildRules = (
			);
			dependencies = (
			);
			fileSystemSynchronizedGroups = (
				181ED65A2E4A7D25007D66A7 /* ScreenStat */,
			);
			name = ScreenStat;
			packageProductDependencies = (
			);
			productName = ScreenStat;
			productReference = 181ED6582E4A7D25007D66A7 /* ScreenStat.app */;
			productType = "com.apple.product-type.application";
		};
		181ED6702E4A7D28007D66A7 /* ScreenStatTests */ = {
			isa = PBXNativeTarget;
			buildConfigurationList = 181ED6892E4A7D28007D66A7 /* Build configuration list for PBXNativeTarget "ScreenStatTests" */;
			buildPhases = (
				181ED66D2E4A7D28007D66A7 /* Sources */,
				181ED66E2E4A7D28007D66A7 /* Frameworks */,
				181ED66F2E4A7D28007D66A7 /* Resources */,
			);
			buildRules = (
			);
			dependencies = (
				181ED6732E4A7D28007D66A7 /* PBXTargetDependency */,
			);
			fileSystemSynchronizedGroups = (
				181ED6742E4A7D28007D66A7 /* ScreenStatTests */,
			);
			name = ScreenStatTests;
			packageProductDependencies = (
			);
			productName = ScreenStatTests;
			productReference = 181ED6712E4A7D28007D66A7 /* ScreenStatTests.xctest */;
			productType = "com.apple.product-type.bundle.unit-test";
		};
		181ED67A2E4A7D28007D66A7 /* ScreenStatUITests */ = {
			isa = PBXNativeTarget;
			buildConfigurationList = 181ED68C2E4A7D28007D66A7 /* Build configuration list for PBXNativeTarget "ScreenStatUITests" */;
			buildPhases = (
				181ED6772E4A7D28007D66A7 /* Sources */,
				181ED6782E4A7D28007D66A7 /* Frameworks */,
				181ED6792E4A7D28007D66A7 /* Resources */,
			);
			buildRules = (
			);
			dependencies = (
				181ED67D2E4A7D28007D66A7 /* PBXTargetDependency */,
			);
			fileSystemSynchronizedGroups = (
				181ED67E2E4A7D28007D66A7 /* ScreenStatUITests */,
			);
			name = ScreenStatUITests;
			packageProductDependencies = (
			);
			productName = ScreenStatUITests;
			productReference = 181ED67B2E4A7D28007D66A7 /* ScreenStatUITests.xctest */;
			productType = "com.apple.product-type.bundle.ui-testing";
		};
/* End PBXNativeTarget section */

/* Begin PBXProject section */
		181ED6502E4A7D25007D66A7 /* Project object */ = {
			isa = PBXProject;
			attributes = {
				BuildIndependentTargetsInParallel = 1;
				LastSwiftUpdateCheck = 1640;
				LastUpgradeCheck = 1640;
				TargetAttributes = {
					181ED6572E4A7D25007D66A7 = {
						CreatedOnToolsVersion = 16.4;
					};
					181ED6702E4A7D28007D66A7 = {
						CreatedOnToolsVersion = 16.4;
						TestTargetID = 181ED6572E4A7D25007D66A7;
					};
					181ED67A2E4A7D28007D66A7 = {
						CreatedOnToolsVersion = 16.4;
						TestTargetID = 181ED6572E4A7D25007D66A7;
					};
				};
			};
			buildConfigurationList = 181ED6532E4A7D25007D66A7 /* Build configuration list for PBXProject "ScreenStat" */;
			developmentRegion = en;
			hasScannedForEncodings = 0;
			knownRegions = (
				en,
				Base,
			);
			mainGroup = 181ED64F2E4A7D25007D66A7;
			minimizedProjectReferenceProxies = 1;
			preferredProjectObjectVersion = 77;
			productRefGroup = 181ED6592E4A7D25007D66A7 /* Products */;
			projectDirPath = "";
			projectRoot = "";
			targets = (
				181ED6572E4A7D25007D66A7 /* ScreenStat */,
				181ED6702E4A7D28007D66A7 /* ScreenStatTests */,
				181ED67A2E4A7D28007D66A7 /* ScreenStatUITests */,
			);
		};
/* End PBXProject section */

/* Begin PBXResourcesBuildPhase section */
		181ED6562E4A7D25007D66A7 /* Resources */ = {
			isa = PBXResourcesBuildPhase;
			buildActionMask = 2147483647;
			files = (
			);
			runOnlyForDeploymentPostprocessing = 0;
		};
		181ED66F2E4A7D28007D66A7 /* Resources */ = {
			isa = PBXResourcesBuildPhase;
			buildActionMask = 2147483647;
			files = (
			);
			runOnlyForDeploymentPostprocessing = 0;
		};
		181ED6792E4A7D28007D66A7 /* Resources */ = {
			isa = PBXResourcesBuildPhase;
			buildActionMask = 2147483647;
			files = (
			);
			runOnlyForDeploymentPostprocessing = 0;
		};
/* End PBXResourcesBuildPhase section */

/* Begin PBXSourcesBuildPhase section */
		181ED6542E4A7D25007D66A7 /* Sources */ = {
			isa = PBXSourcesBuildPhase;
			buildActionMask = 2147483647;
			files = (
			);
			runOnlyForDeploymentPostprocessing = 0;
		};
		181ED66D2E4A7D28007D66A7 /* Sources */ = {
			isa = PBXSourcesBuildPhase;
			buildActionMask = 2147483647;
			files = (
			);
			runOnlyForDeploymentPostprocessing = 0;
		};
		181ED6772E4A7D28007D66A7 /* Sources */ = {
			isa = PBXSourcesBuildPhase;
			buildActionMask = 2147483647;
			files = (
			);
			runOnlyForDeploymentPostprocessing = 0;
		};
/* End PBXSourcesBuildPhase section */

/* Begin PBXTargetDependency section */
		181ED6732E4A7D28007D66A7 /* PBXTargetDependency */ = {
			isa = PBXTargetDependency;
			target = 181ED6572E4A7D25007D66A7 /* ScreenStat */;
			targetProxy = 181ED6722E4A7D28007D66A7 /* PBXContainerItemProxy */;
		};
		181ED67D2E4A7D28007D66A7 /* PBXTargetDependency */ = {
			isa = PBXTargetDependency;
			target = 181ED6572E4A7D25007D66A7 /* ScreenStat */;
			targetProxy = 181ED67C2E4A7D28007D66A7 /* PBXContainerItemProxy */;
		};
/* End PBXTargetDependency section */

/* Begin XCBuildConfiguration section */
		181ED6852E4A7D28007D66A7 /* Debug */ = {
			isa = XCBuildConfiguration;
			buildSettings = {
				ASSETCATALOG_COMPILER_APPICON_NAME = AppIcon;
				ASSETCATALOG_COMPILER_GLOBAL_ACCENT_COLOR_NAME = AccentColor;
				CODE_SIGN_STYLE = Automatic;
				CURRENT_PROJECT_VERSION = 1;
				DEVELOPMENT_TEAM = 8MF89G73K4;
				GENERATE_INFOPLIST_FILE = YES;
				INFOPLIST_FILE = ScreenStat/Info.plist;
				INFOPLIST_KEY_UIApplicationSupportsIndirectInputEvents = YES;
				INFOPLIST_KEY_UILaunchStoryboardName = LaunchScreen;
				INFOPLIST_KEY_UIMainStoryboardFile = Main;
				INFOPLIST_KEY_UISupportedInterfaceOrientations_iPad = "UIInterfaceOrientationPortrait UIInterfaceOrientationPortraitUpsideDown UIInterfaceOrientationLandscapeLeft UIInterfaceOrientationLandscapeRight";
				INFOPLIST_KEY_UISupportedInterfaceOrientations_iPhone = "UIInterfaceOrientationPortrait UIInterfaceOrientationLandscapeLeft UIInterfaceOrientationLandscapeRight";
				LD_RUNPATH_SEARCH_PATHS = (
					"$(inherited)",
					"@executable_path/Frameworks",
				);
				MARKETING_VERSION = 1.0;
				PRODUCT_BUNDLE_IDENTIFIER = com.rudrigo.ScreenStat;
				PRODUCT_NAME = "$(TARGET_NAME)";
				SWIFT_EMIT_LOC_STRINGS = YES;
				SWIFT_VERSION = 5.0;
				TARGETED_DEVICE_FAMILY = "1,2";
			};
			name = Debug;
		};
		181ED6862E4A7D28007D66A7 /* Release */ = {
			isa = XCBuildConfiguration;
			buildSettings = {
				ASSETCATALOG_COMPILER_APPICON_NAME = AppIcon;
				ASSETCATALOG_COMPILER_GLOBAL_ACCENT_COLOR_NAME = AccentColor;
				CODE_SIGN_STYLE = Automatic;
				CURRENT_PROJECT_VERSION = 1;
				DEVELOPMENT_TEAM = 8MF89G73K4;
				GENERATE_INFOPLIST_FILE = YES;
				INFOPLIST_FILE = ScreenStat/Info.plist;
				INFOPLIST_KEY_UIApplicationSupportsIndirectInputEvents = YES;
				INFOPLIST_KEY_UILaunchStoryboardName = LaunchScreen;
				INFOPLIST_KEY_UIMainStoryboardFile = Main;
				INFOPLIST_KEY_UISupportedInterfaceOrientations_iPad = "UIInterfaceOrientationPortrait UIInterfaceOrientationPortraitUpsideDown UIInterfaceOrientationLandscapeLeft UIInterfaceOrientationLandscapeRight";
				INFOPLIST_KEY_UISupportedInterfaceOrientations_iPhone = "UIInterfaceOrientationPortrait UIInterfaceOrientationLandscapeLeft UIInterfaceOrientationLandscapeRight";
				LD_RUNPATH_SEARCH_PATHS = (
					"$(inherited)",
					"@executable_path/Frameworks",
				);
				MARKETING_VERSION = 1.0;
				PRODUCT_BUNDLE_IDENTIFIER = com.rudrigo.ScreenStat;
				PRODUCT_NAME = "$(TARGET_NAME)";
				SWIFT_EMIT_LOC_STRINGS = YES;
				SWIFT_VERSION = 5.0;
				TARGETED_DEVICE_FAMILY = "1,2";
			};
			name = Release;
		};
		181ED6872E4A7D28007D66A7 /* Debug */ = {
			isa = XCBuildConfiguration;
			buildSettings = {
				ALWAYS_SEARCH_USER_PATHS = NO;
				ASSETCATALOG_COMPILER_GENERATE_SWIFT_ASSET_SYMBOL_EXTENSIONS = YES;
				CLANG_ANALYZER_NONNULL = YES;
				CLANG_ANALYZER_NUMBER_OBJECT_CONVERSION = YES_AGGRESSIVE;
				CLANG_CXX_LANGUAGE_STANDARD = "gnu++20";
				CLANG_ENABLE_MODULES = YES;
				CLANG_ENABLE_OBJC_ARC = YES;
				CLANG_ENABLE_OBJC_WEAK = YES;
				CLANG_WARN_BLOCK_CAPTURE_AUTORELEASING = YES;
				CLANG_WARN_BOOL_CONVERSION = YES;
				CLANG_WARN_COMMA = YES;
				CLANG_WARN_CONSTANT_CONVERSION = YES;
				CLANG_WARN_DEPRECATED_OBJC_IMPLEMENTATIONS = YES;
				CLANG_WARN_DIRECT_OBJC_ISA_USAGE = YES_ERROR;
				CLANG_WARN_DOCUMENTATION_COMMENTS = YES;
				CLANG_WARN_EMPTY_BODY = YES;
				CLANG_WARN_ENUM_CONVERSION = YES;
				CLANG_WARN_INFINITE_RECURSION = YES;
				CLANG_WARN_INT_CONVERSION = YES;
				CLANG_WARN_NON_LITERAL_NULL_CONVERSION = YES;
				CLANG_WARN_OBJC_IMPLICIT_RETAIN_SELF = YES;
				CLANG_WARN_OBJC_LITERAL_CONVERSION = YES;
				CLANG_WARN_OBJC_ROOT_CLASS = YES_ERROR;
				CLANG_WARN_QUOTED_INCLUDE_IN_FRAMEWORK_HEADER = YES;
				CLANG_WARN_RANGE_LOOP_ANALYSIS = YES;
				CLANG_WARN_STRICT_PROTOTYPES = YES;
				CLANG_WARN_SUSPICIOUS_MOVE = YES;
				CLANG_WARN_UNGUARDED_AVAILABILITY = YES_AGGRESSIVE;
				CLANG_WARN_UNREACHABLE_CODE = YES;
				CLANG_WARN__DUPLICATE_METHOD_MATCH = YES;
				COPY_PHASE_STRIP = NO;
				DEBUG_INFORMATION_FORMAT = dwarf;
				DEVELOPMENT_TEAM = 8MF89G73K4;
				ENABLE_STRICT_OBJC_MSGSEND = YES;
				ENABLE_TESTABILITY = YES;
				ENABLE_USER_SCRIPT_SANDBOXING = YES;
				GCC_C_LANGUAGE_STANDARD = gnu17;
				GCC_DYNAMIC_NO_PIC = NO;
				GCC_NO_COMMON_BLOCKS = YES;
				GCC_OPTIMIZATION_LEVEL = 0;
				GCC_PREPROCESSOR_DEFINITIONS = (
					"DEBUG=1",
					"$(inherited)",
				);
				GCC_WARN_64_TO_32_BIT_CONVERSION = YES;
				GCC_WARN_ABOUT_RETURN_TYPE = YES_ERROR;
				GCC_WARN_UNDECLARED_SELECTOR = YES;
				GCC_WARN_UNINITIALIZED_AUTOS = YES_AGGRESSIVE;
				GCC_WARN_UNUSED_FUNCTION = YES;
				GCC_WARN_UNUSED_VARIABLE = YES;
				IPHONEOS_DEPLOYMENT_TARGET = 18.5;
				LOCALIZATION_PREFERS_STRING_CATALOGS = YES;
				MTL_ENABLE_DEBUG_INFO = INCLUDE_SOURCE;
				MTL_FAST_MATH = YES;
				ONLY_ACTIVE_ARCH = YES;
				SDKROOT = iphoneos;
				SWIFT_ACTIVE_COMPILATION_CONDITIONS = "DEBUG $(inherited)";
				SWIFT_OPTIMIZATION_LEVEL = "-Onone";
			};
			name = Debug;
		};
		181ED6882E4A7D28007D66A7 /* Release */ = {
			isa = XCBuildConfiguration;
			buildSettings = {
				ALWAYS_SEARCH_USER_PATHS = NO;
				ASSETCATALOG_COMPILER_GENERATE_SWIFT_ASSET_SYMBOL_EXTENSIONS = YES;
				CLANG_ANALYZER_NONNULL = YES;
				CLANG_ANALYZER_NUMBER_OBJECT_CONVERSION = YES_AGGRESSIVE;
				CLANG_CXX_LANGUAGE_STANDARD = "gnu++20";
				CLANG_ENABLE_MODULES = YES;
				CLANG_ENABLE_OBJC_ARC = YES;
				CLANG_ENABLE_OBJC_WEAK = YES;
				CLANG_WARN_BLOCK_CAPTURE_AUTORELEASING = YES;
				CLANG_WARN_BOOL_CONVERSION = YES;
				CLANG_WARN_COMMA = YES;
				CLANG_WARN_CONSTANT_CONVERSION = YES;
				CLANG_WARN_DEPRECATED_OBJC_IMPLEMENTATIONS = YES;
				CLANG_WARN_DIRECT_OBJC_ISA_USAGE = YES_ERROR;
				CLANG_WARN_DOCUMENTATION_COMMENTS = YES;
				CLANG_WARN_EMPTY_BODY = YES;
				CLANG_WARN_ENUM_CONVERSION = YES;
				CLANG_WARN_INFINITE_RECURSION = YES;
				CLANG_WARN_INT_CONVERSION = YES;
				CLANG_WARN_NON_LITERAL_NULL_CONVERSION = YES;
				CLANG_WARN_OBJC_IMPLICIT_RETAIN_SELF = YES;
				CLANG_WARN_OBJC_LITERAL_CONVERSION = YES;
				CLANG_WARN_OBJC_ROOT_CLASS = YES_ERROR;
				CLANG_WARN_QUOTED_INCLUDE_IN_FRAMEWORK_HEADER = YES;
				CLANG_WARN_RANGE_LOOP_ANALYSIS = YES;
				CLANG_WARN_STRICT_PROTOTYPES = YES;
				CLANG_WARN_SUSPICIOUS_MOVE = YES;
				CLANG_WARN_UNGUARDED_AVAILABILITY = YES_AGGRESSIVE;
				CLANG_WARN_UNREACHABLE_CODE = YES;
				CLANG_WARN__DUPLICATE_METHOD_MATCH = YES;
				COPY_PHASE_STRIP = NO;
				DEBUG_INFORMATION_FORMAT = "dwarf-with-dsym";
				DEVELOPMENT_TEAM = 8MF89G73K4;
				ENABLE_NS_ASSERTIONS = NO;
				ENABLE_STRICT_OBJC_MSGSEND = YES;
				ENABLE_USER_SCRIPT_SANDBOXING = YES;
				GCC_C_LANGUAGE_STANDARD = gnu17;
				GCC_NO_COMMON_BLOCKS = YES;
				GCC_WARN_64_TO_32_BIT_CONVERSION = YES;
				GCC_WARN_ABOUT_RETURN_TYPE = YES_ERROR;
				GCC_WARN_UNDECLARED_SELECTOR = YES;
				GCC_WARN_UNINITIALIZED_AUTOS = YES_AGGRESSIVE;
				GCC_WARN_UNUSED_FUNCTION = YES;
				GCC_WARN_UNUSED_VARIABLE = YES;
				IPHONEOS_DEPLOYMENT_TARGET = 18.5;
				LOCALIZATION_PREFERS_STRING_CATALOGS = YES;
				MTL_ENABLE_DEBUG_INFO = NO;
				MTL_FAST_MATH = YES;
				SDKROOT = iphoneos;
				SWIFT_COMPILATION_MODE = wholemodule;
				VALIDATE_PRODUCT = YES;
			};
			name = Release;
		};
		181ED68A2E4A7D28007D66A7 /* Debug */ = {
			isa = XCBuildConfiguration;
			buildSettings = {
				BUNDLE_LOADER = "$(TEST_HOST)";
				CODE_SIGN_STYLE = Automatic;
				CURRENT_PROJECT_VERSION = 1;
				DEVELOPMENT_TEAM = 8MF89G73K4;
				GENERATE_INFOPLIST_FILE = YES;
				IPHONEOS_DEPLOYMENT_TARGET = 18.5;
				MARKETING_VERSION = 1.0;
				PRODUCT_BUNDLE_IDENTIFIER = com.rudrigo.ScreenStatTests;
				PRODUCT_NAME = "$(TARGET_NAME)";
				SWIFT_EMIT_LOC_STRINGS = NO;
				SWIFT_VERSION = 5.0;
				TARGETED_DEVICE_FAMILY = "1,2";
				TEST_HOST = "$(BUILT_PRODUCTS_DIR)/ScreenStat.app/$(BUNDLE_EXECUTABLE_FOLDER_PATH)/ScreenStat";
			};
			name = Debug;
		};
		181ED68B2E4A7D28007D66A7 /* Release */ = {
			isa = XCBuildConfiguration;
			buildSettings = {
				BUNDLE_LOADER = "$(TEST_HOST)";
				CODE_SIGN_STYLE = Automatic;
				CURRENT_PROJECT_VERSION = 1;
				DEVELOPMENT_TEAM = 8MF89G73K4;
				GENERATE_INFOPLIST_FILE = YES;
				IPHONEOS_DEPLOYMENT_TARGET = 18.5;
				MARKETING_VERSION = 1.0;
				PRODUCT_BUNDLE_IDENTIFIER = com.rudrigo.ScreenStatTests;
				PRODUCT_NAME = "$(TARGET_NAME)";
				SWIFT_EMIT_LOC_STRINGS = NO;
				SWIFT_VERSION = 5.0;
				TARGETED_DEVICE_FAMILY = "1,2";
				TEST_HOST = "$(BUILT_PRODUCTS_DIR)/ScreenStat.app/$(BUNDLE_EXECUTABLE_FOLDER_PATH)/ScreenStat";
			};
			name = Release;
		};
		181ED68D2E4A7D28007D66A7 /* Debug */ = {
			isa = XCBuildConfiguration;
			buildSettings = {
				CODE_SIGN_STYLE = Automatic;
				CURRENT_PROJECT_VERSION = 1;
				DEVELOPMENT_TEAM = 8MF89G73K4;
				GENERATE_INFOPLIST_FILE = YES;
				MARKETING_VERSION = 1.0;
				PRODUCT_BUNDLE_IDENTIFIER = com.rudrigo.ScreenStatUITests;
				PRODUCT_NAME = "$(TARGET_NAME)";
				SWIFT_EMIT_LOC_STRINGS = NO;
				SWIFT_VERSION = 5.0;
				TARGETED_DEVICE_FAMILY = "1,2";
				TEST_TARGET_NAME = ScreenStat;
			};
			name = Debug;
		};
		181ED68E2E4A7D28007D66A7 /* Release */ = {
			isa = XCBuildConfiguration;
			buildSettings = {
				CODE_SIGN_STYLE = Automatic;
				CURRENT_PROJECT_VERSION = 1;
				DEVELOPMENT_TEAM = 8MF89G73K4;
				GENERATE_INFOPLIST_FILE = YES;
				MARKETING_VERSION = 1.0;
				PRODUCT_BUNDLE_IDENTIFIER = com.rudrigo.ScreenStatUITests;
				PRODUCT_NAME = "$(TARGET_NAME)";
				SWIFT_EMIT_LOC_STRINGS = NO;
				SWIFT_VERSION = 5.0;
				TARGETED_DEVICE_FAMILY = "1,2";
				TEST_TARGET_NAME = ScreenStat;
			};
			name = Release;
		};
/* End XCBuildConfiguration section */

/* Begin XCConfigurationList section */
		181ED6532E4A7D25007D66A7 /* Build configuration list for PBXProject "ScreenStat" */ = {
			isa = XCConfigurationList;
			buildConfigurations = (
				181ED6872E4A7D28007D66A7 /* Debug */,
				181ED6882E4A7D28007D66A7 /* Release */,
			);
			defaultConfigurationIsVisible = 0;
			defaultConfigurationName = Release;
		};
		181ED6842E4A7D28007D66A7 /* Build configuration list for PBXNativeTarget "ScreenStat" */ = {
			isa = XCConfigurationList;
			buildConfigurations = (
				181ED6852E4A7D28007D66A7 /* Debug */,
				181ED6862E4A7D28007D66A7 /* Release */,
			);
			defaultConfigurationIsVisible = 0;
			defaultConfigurationName = Release;
		};
		181ED6892E4A7D28007D66A7 /* Build configuration list for PBXNativeTarget "ScreenStatTests" */ = {
			isa = XCConfigurationList;
			buildConfigurations = (
				181ED68A2E4A7D28007D66A7 /* Debug */,
				181ED68B2E4A7D28007D66A7 /* Release */,
			);
			defaultConfigurationIsVisible = 0;
			defaultConfigurationName = Release;
		};
		181ED68C2E4A7D28007D66A7 /* Build configuration list for PBXNativeTarget "ScreenStatUITests" */ = {
			isa = XCConfigurationList;
			buildConfigurations = (
				181ED68D2E4A7D28007D66A7 /* Debug */,
				181ED68E2E4A7D28007D66A7 /* Release */,
			);
			defaultConfigurationIsVisible = 0;
			defaultConfigurationName = Release;
		};
/* End XCConfigurationList section */
	};
	rootObject = 181ED6502E4A7D25007D66A7 /* Project object */;
}
